
Microsoft Visual Studio Solution File, Format Version 12.00
# Visual Studio Version 17
VisualStudioVersion = 17.0.31903.59
MinimumVisualStudioVersion = 10.0.40219.1
Project("{FAE04EC0-301F-11D3-BF4B-00C04F79EFBC}") = "DemoApp.Api", "DemoApp.Api\DemoApp.Api.csproj", "{BDA3AEA1-F35E-4757-8AC3-63C0B3812333}"
EndProject
Project("{FAE04EC0-301F-11D3-BF4B-00C04F79EFBC}") = "DemoApp.Application", "DemoApp.Application\DemoApp.Application.csproj", "{0227EE14-663D-4007-84CD-066D94022286}"
EndProject
Project("{FAE04EC0-301F-11D3-BF4B-00C04F79EFBC}") = "DemoApp.Contracts", "DemoApp.Contracts\DemoApp.Contracts.csproj", "{65FF99D1-E03A-4CCC-8107-B343359A81E2}"
EndProject
Project("{FAE04EC0-301F-11D3-BF4B-00C04F79EFBC}") = "DemoApp.Domain", "DemoApp.Domain\DemoApp.Domain.csproj", "{C009A63E-74DC-4C20-8EB6-8B65E181E7C3}"
EndProject
Project("{FAE04EC0-301F-11D3-BF4B-00C04F79EFBC}") = "DemoApp.Infrastructure", "DemoApp.Infrastructure\DemoApp.Infrastructure.csproj", "{B0BD658C-6A42-48BC-80E8-930D8F0F444D}"
EndProject
Global
	GlobalSection(SolutionConfigurationPlatforms) = preSolution
		Debug|Any CPU = Debug|Any CPU
		Release|Any CPU = Release|Any CPU
	EndGlobalSection
	GlobalSection(SolutionProperties) = preSolution
		HideSolutionNode = FALSE
	EndGlobalSection
	GlobalSection(ProjectConfigurationPlatforms) = postSolution
		{BDA3AEA1-F35E-4757-8AC3-63C0B3812333}.Debug|Any CPU.ActiveCfg = Debug|Any CPU
		{BDA3AEA1-F35E-4757-8AC3-63C0B3812333}.Debug|Any CPU.Build.0 = Debug|Any CPU
		{BDA3AEA1-F35E-4757-8AC3-63C0B3812333}.Release|Any CPU.ActiveCfg = Release|Any CPU
		{BDA3AEA1-F35E-4757-8AC3-63C0B3812333}.Release|Any CPU.Build.0 = Release|Any CPU
		{0227EE14-663D-4007-84CD-066D94022286}.Debug|Any CPU.ActiveCfg = Debug|Any CPU
		{0227EE14-663D-4007-84CD-066D94022286}.Debug|Any CPU.Build.0 = Debug|Any CPU
		{0227EE14-663D-4007-84CD-066D94022286}.Release|Any CPU.ActiveCfg = Release|Any CPU
		{0227EE14-663D-4007-84CD-066D94022286}.Release|Any CPU.Build.0 = Release|Any CPU
		{65FF99D1-E03A-4CCC-8107-B343359A81E2}.Debug|Any CPU.ActiveCfg = Debug|Any CPU
		{65FF99D1-E03A-4CCC-8107-B343359A81E2}.Debug|Any CPU.Build.0 = Debug|Any CPU
		{65FF99D1-E03A-4CCC-8107-B343359A81E2}.Release|Any CPU.ActiveCfg = Release|Any CPU
		{65FF99D1-E03A-4CCC-8107-B343359A81E2}.Release|Any CPU.Build.0 = Release|Any CPU
		{C009A63E-74DC-4C20-8EB6-8B65E181E7C3}.Debug|Any CPU.ActiveCfg = Debug|Any CPU
		{C009A63E-74DC-4C20-8EB6-8B65E181E7C3}.Debug|Any CPU.Build.0 = Debug|Any CPU
		{C009A63E-74DC-4C20-8EB6-8B65E181E7C3}.Release|Any CPU.ActiveCfg = Release|Any CPU
		{C009A63E-74DC-4C20-8EB6-8B65E181E7C3}.Release|Any CPU.Build.0 = Release|Any CPU
		{B0BD658C-6A42-48BC-80E8-930D8F0F444D}.Debug|Any CPU.ActiveCfg = Debug|Any CPU
		{B0BD658C-6A42-48BC-80E8-930D8F0F444D}.Debug|Any CPU.Build.0 = Debug|Any CPU
		{B0BD658C-6A42-48BC-80E8-930D8F0F444D}.Release|Any CPU.ActiveCfg = Release|Any CPU
		{B0BD658C-6A42-48BC-80E8-930D8F0F444D}.Release|Any CPU.Build.0 = Release|Any CPU
	EndGlobalSection
EndGlobal
